{
    "_readme": [
        "This file locks the dependencies of your project to a known state",
        "Read more about it at https://getcomposer.org/doc/01-basic-usage.md#composer-lock-the-lock-file",
        "This file is @generated automatically"
    ],
    "content-hash": "c13aeb9edd7af872fe63cffeb289e703",
    "packages": [
        {
            "name": "whytewaters/api-helper-library",
            "version": "1.9.3",
            "source": {
                "type": "git",
                "url": "https://github.com/whytewaters/api-helper-library",
                "reference": "d1d22c31cbb6e08a64ed073b3097ef2375de400e"
            },
            "require": {
                "php": ">=5.3.0"
            },
            "type": "library",
            "autoload": {
                "psr-4": {
                    "Rtbs\\ApiHelper\\": "src/"
                }
            },
            "authors": [
                {
                    "name": "Whytewaters Ltd",
                    "homepage": "http://whytewaters.com",
                    "role": "Vendor"
                }
            ],
            "description": "Api Helper Library for working with Whytewaters Real Time Booking System",
            "support": {
                "issues": "https://github.com/whytewaters/api-helper-library/issues",
                "source": "https://github.com/whytewaters/api-helper-library"
            },
            "time": "2017-09-13T06:33:04+00:00"
        }
    ],
    "packages-dev": [],
    "aliases": [],
    "minimum-stability": "stable",
    "stability-flags": [],
    "prefer-stable": false,
    "prefer-lowest": false,
    "platform": [],
    "platform-dev": []
}
