{
    "_readme": [
        "This file locks the dependencies of your project to a known state",
        "Read more about it at https://getcomposer.org/doc/01-basic-usage.md#composer-lock-the-lock-file",
        "This file is @generated automatically"
    ],
    "hash": "4871890f562af083d889621b46018a0a",
    "content-hash": "cb369eb80084a44910cda073e4c101df",
    "packages": [
        {
            "name": "whytewaters/api-helper-library",
            "version": "1.2.3",
            "source": {
                "type": "git",
                "url": "https://github.com/whytewaters/api-helper-library",
                "reference": "9143169d2e45c1959c1726aefba6b42f44959956"
            },
            "require": {
                "php": ">=5.3.0"
            },
            "type": "library",
            "autoload": {
                "psr-4": {
                    "Rtbs\\ApiHelper\\": "src/"
                }
            },
            "authors": [
                {
                    "name": "Whytewaters Ltd",
                    "homepage": "http://whytewaters.com",
                    "role": "Vendor"
                }
            ],
            "description": "Api Helper Library for working with Whytewaters Real Time Booking System",
            "support": {
                "issues": "https://github.com/whytewaters/api-helper-library/issues",
                "source": "https://github.com/whytewaters/api-helper-library"
            },
            "time": "2016-12-01 01:24:08"
        }
    ],
    "packages-dev": [],
    "aliases": [],
    "minimum-stability": "stable",
    "stability-flags": [],
    "prefer-stable": false,
    "prefer-lowest": false,
    "platform": [],
    "platform-dev": []
}
