{
    "_readme": [
        "This file locks the dependencies of your project to a known state",
        "Read more about it at https://getcomposer.org/doc/01-basic-usage.md#composer-lock-the-lock-file",
        "This file is @generated automatically"
    ],
    "hash": "2f39beab12367886fef5730d4b5d8063",
    "content-hash": "3ba38c4577f88efd78b8c204cfe5e283",
    "packages": [
        {
            "name": "whytewaters/api-helper-library",
            "version": "1.4.0",
            "source": {
                "type": "git",
                "url": "https://github.com/whytewaters/api-helper-library",
                "reference": "aeca29be00d720bf472dd16a490a0937c417825e"
            },
            "require": {
                "php": ">=5.3.0"
            },
            "type": "library",
            "autoload": {
                "psr-4": {
                    "Rtbs\\ApiHelper\\": "src/"
                }
            },
            "authors": [
                {
                    "name": "Whytewaters Ltd",
                    "homepage": "http://whytewaters.com",
                    "role": "Vendor"
                }
            ],
            "description": "Api Helper Library for working with Whytewaters Real Time Booking System",
            "support": {
                "issues": "https://github.com/whytewaters/api-helper-library/issues",
                "source": "https://github.com/whytewaters/api-helper-library"
            },
            "time": "2017-01-11 01:57:40"
        }
    ],
    "packages-dev": [],
    "aliases": [],
    "minimum-stability": "stable",
    "stability-flags": [],
    "prefer-stable": false,
    "prefer-lowest": false,
    "platform": [],
    "platform-dev": []
}
